
Microsoft Visual Studio Solution File, Format Version 12.00
# Visual Studio Version 16
VisualStudioVersion = 16.0.29609.76
MinimumVisualStudioVersion = 10.0.40219.1
Project("{9A19103F-16F7-4668-BE54-9A1E7A4F7556}") = "PrototypeApi", "PrototypeApi\PrototypeApi.csproj", "{2F91B780-7062-4F18-99CB-C778F78E0D81}"
EndProject
Project("{9A19103F-16F7-4668-BE54-9A1E7A4F7556}") = "PrototypeApi.UniTest", "PrototypeApi.UniTest\PrototypeApi.UniTest.csproj", "{BF7CDA39-89E4-40FC-B242-45113381C5BC}"
EndProject
Global
	GlobalSection(SolutionConfigurationPlatforms) = preSolution
		Debug|Any CPU = Debug|Any CPU
		Release|Any CPU = Release|Any CPU
	EndGlobalSection
	GlobalSection(ProjectConfigurationPlatforms) = postSolution
		{2F91B780-7062-4F18-99CB-C778F78E0D81}.Debug|Any CPU.ActiveCfg = Debug|Any CPU
		{2F91B780-7062-4F18-99CB-C778F78E0D81}.Debug|Any CPU.Build.0 = Debug|Any CPU
		{2F91B780-7062-4F18-99CB-C778F78E0D81}.Release|Any CPU.ActiveCfg = Release|Any CPU
		{2F91B780-7062-4F18-99CB-C778F78E0D81}.Release|Any CPU.Build.0 = Release|Any CPU
		{BF7CDA39-89E4-40FC-B242-45113381C5BC}.Debug|Any CPU.ActiveCfg = Debug|Any CPU
		{BF7CDA39-89E4-40FC-B242-45113381C5BC}.Debug|Any CPU.Build.0 = Debug|Any CPU
		{BF7CDA39-89E4-40FC-B242-45113381C5BC}.Release|Any CPU.ActiveCfg = Release|Any CPU
		{BF7CDA39-89E4-40FC-B242-45113381C5BC}.Release|Any CPU.Build.0 = Release|Any CPU
	EndGlobalSection
	GlobalSection(SolutionProperties) = preSolution
		HideSolutionNode = FALSE
	EndGlobalSection
	GlobalSection(ExtensibilityGlobals) = postSolution
		SolutionGuid = {39637F2B-91B7-41EC-A1A2-1854E2B158C8}
	EndGlobalSection
EndGlobal
